
Microsoft Visual Studio Solution File, Format Version 12.00
# Visual Studio 14
VisualStudioVersion = 14.0.25420.1
MinimumVisualStudioVersion = 10.0.40219.1
Project("{8BC9CEB8-8B4A-11D0-8D11-00A0C91BC942}") = "Q4", "Q4\Q4.vcxproj", "{3E739077-3C79-4A3D-8212-4904CBB249B6}"
EndProject
Project("{8BC9CEB8-8B4A-11D0-8D11-00A0C91BC942}") = "Q5-1", "Q5-1\Q5-1.vcxproj", "{E84131E2-E70C-4462-89F7-E7F85C769735}"
EndProject
Project("{8BC9CEB8-8B4A-11D0-8D11-00A0C91BC942}") = "Q5-2", "Q5-2\Q5-2.vcxproj", "{937ECECE-58A3-4F00-B6FC-80CC8DD45727}"
EndProject
Project("{8BC9CEB8-8B4A-11D0-8D11-00A0C91BC942}") = "Q6", "Q6\Q6.vcxproj", "{3977D8DA-224A-4F4F-82CA-725800A4A2AD}"
EndProject
Global
	GlobalSection(SolutionConfigurationPlatforms) = preSolution
		Debug|x64 = Debug|x64
		Debug|x86 = Debug|x86
		Release|x64 = Release|x64
		Release|x86 = Release|x86
	EndGlobalSection
	GlobalSection(ProjectConfigurationPlatforms) = postSolution
		{3E739077-3C79-4A3D-8212-4904CBB249B6}.Debug|x64.ActiveCfg = Debug|x64
		{3E739077-3C79-4A3D-8212-4904CBB249B6}.Debug|x64.Build.0 = Debug|x64
		{3E739077-3C79-4A3D-8212-4904CBB249B6}.Debug|x86.ActiveCfg = Debug|Win32
		{3E739077-3C79-4A3D-8212-4904CBB249B6}.Debug|x86.Build.0 = Debug|Win32
		{3E739077-3C79-4A3D-8212-4904CBB249B6}.Release|x64.ActiveCfg = Release|x64
		{3E739077-3C79-4A3D-8212-4904CBB249B6}.Release|x64.Build.0 = Release|x64
		{3E739077-3C79-4A3D-8212-4904CBB249B6}.Release|x86.ActiveCfg = Release|Win32
		{3E739077-3C79-4A3D-8212-4904CBB249B6}.Release|x86.Build.0 = Release|Win32
		{E84131E2-E70C-4462-89F7-E7F85C769735}.Debug|x64.ActiveCfg = Debug|x64
		{E84131E2-E70C-4462-89F7-E7F85C769735}.Debug|x64.Build.0 = Debug|x64
		{E84131E2-E70C-4462-89F7-E7F85C769735}.Debug|x86.ActiveCfg = Debug|Win32
		{E84131E2-E70C-4462-89F7-E7F85C769735}.Debug|x86.Build.0 = Debug|Win32
		{E84131E2-E70C-4462-89F7-E7F85C769735}.Release|x64.ActiveCfg = Release|x64
		{E84131E2-E70C-4462-89F7-E7F85C769735}.Release|x64.Build.0 = Release|x64
		{E84131E2-E70C-4462-89F7-E7F85C769735}.Release|x86.ActiveCfg = Release|Win32
		{E84131E2-E70C-4462-89F7-E7F85C769735}.Release|x86.Build.0 = Release|Win32
		{937ECECE-58A3-4F00-B6FC-80CC8DD45727}.Debug|x64.ActiveCfg = Debug|x64
		{937ECECE-58A3-4F00-B6FC-80CC8DD45727}.Debug|x64.Build.0 = Debug|x64
		{937ECECE-58A3-4F00-B6FC-80CC8DD45727}.Debug|x86.ActiveCfg = Debug|Win32
		{937ECECE-58A3-4F00-B6FC-80CC8DD45727}.Debug|x86.Build.0 = Debug|Win32
		{937ECECE-58A3-4F00-B6FC-80CC8DD45727}.Release|x64.ActiveCfg = Release|x64
		{937ECECE-58A3-4F00-B6FC-80CC8DD45727}.Release|x64.Build.0 = Release|x64
		{937ECECE-58A3-4F00-B6FC-80CC8DD45727}.Release|x86.ActiveCfg = Release|Win32
		{937ECECE-58A3-4F00-B6FC-80CC8DD45727}.Release|x86.Build.0 = Release|Win32
		{3977D8DA-224A-4F4F-82CA-725800A4A2AD}.Debug|x64.ActiveCfg = Debug|x64
		{3977D8DA-224A-4F4F-82CA-725800A4A2AD}.Debug|x64.Build.0 = Debug|x64
		{3977D8DA-224A-4F4F-82CA-725800A4A2AD}.Debug|x86.ActiveCfg = Debug|Win32
		{3977D8DA-224A-4F4F-82CA-725800A4A2AD}.Debug|x86.Build.0 = Debug|Win32
		{3977D8DA-224A-4F4F-82CA-725800A4A2AD}.Release|x64.ActiveCfg = Release|x64
		{3977D8DA-224A-4F4F-82CA-725800A4A2AD}.Release|x64.Build.0 = Release|x64
		{3977D8DA-224A-4F4F-82CA-725800A4A2AD}.Release|x86.ActiveCfg = Release|Win32
		{3977D8DA-224A-4F4F-82CA-725800A4A2AD}.Release|x86.Build.0 = Release|Win32
	EndGlobalSection
	GlobalSection(SolutionProperties) = preSolution
		HideSolutionNode = FALSE
	EndGlobalSection
EndGlobal
